
Microsoft Visual Studio Solution File, Format Version 12.00
# Visual Studio Version 17
VisualStudioVersion = 17.0.31903.59
MinimumVisualStudioVersion = 10.0.40219.1
Project("{9A19103F-16F7-4668-BE54-9A1E7A4F7556}") = "ChatAppWithBlazorWASM.Server", "ChatAppWithBlazorWASM\Server\ChatAppWithBlazorWASM.Server.csproj", "{22FF42DF-18F2-40E5-84C5-7590BB5FC96B}"
EndProject
Project("{9A19103F-16F7-4668-BE54-9A1E7A4F7556}") = "ChatAppWithBlazorWASM.Client", "ChatAppWithBlazorWASM\Client\ChatAppWithBlazorWASM.Client.csproj", "{2CD10D8B-EF01-4DC8-8C2A-E2F867A9C03B}"
EndProject
Project("{9A19103F-16F7-4668-BE54-9A1E7A4F7556}") = "ChatAppWithBlazorWASM.Shared", "ChatAppWithBlazorWASM\Shared\ChatAppWithBlazorWASM.Shared.csproj", "{96A15DC7-F1E4-4E34-88ED-2346443536A1}"
EndProject
Global
	GlobalSection(SolutionConfigurationPlatforms) = preSolution
		Debug|Any CPU = Debug|Any CPU
		Release|Any CPU = Release|Any CPU
	EndGlobalSection
	GlobalSection(ProjectConfigurationPlatforms) = postSolution
		{22FF42DF-18F2-40E5-84C5-7590BB5FC96B}.Debug|Any CPU.ActiveCfg = Debug|Any CPU
		{22FF42DF-18F2-40E5-84C5-7590BB5FC96B}.Debug|Any CPU.Build.0 = Debug|Any CPU
		{22FF42DF-18F2-40E5-84C5-7590BB5FC96B}.Release|Any CPU.ActiveCfg = Release|Any CPU
		{22FF42DF-18F2-40E5-84C5-7590BB5FC96B}.Release|Any CPU.Build.0 = Release|Any CPU
		{2CD10D8B-EF01-4DC8-8C2A-E2F867A9C03B}.Debug|Any CPU.ActiveCfg = Debug|Any CPU
		{2CD10D8B-EF01-4DC8-8C2A-E2F867A9C03B}.Debug|Any CPU.Build.0 = Debug|Any CPU
		{2CD10D8B-EF01-4DC8-8C2A-E2F867A9C03B}.Release|Any CPU.ActiveCfg = Release|Any CPU
		{2CD10D8B-EF01-4DC8-8C2A-E2F867A9C03B}.Release|Any CPU.Build.0 = Release|Any CPU
		{96A15DC7-F1E4-4E34-88ED-2346443536A1}.Debug|Any CPU.ActiveCfg = Debug|Any CPU
		{96A15DC7-F1E4-4E34-88ED-2346443536A1}.Debug|Any CPU.Build.0 = Debug|Any CPU
		{96A15DC7-F1E4-4E34-88ED-2346443536A1}.Release|Any CPU.ActiveCfg = Release|Any CPU
		{96A15DC7-F1E4-4E34-88ED-2346443536A1}.Release|Any CPU.Build.0 = Release|Any CPU
	EndGlobalSection
	GlobalSection(SolutionProperties) = preSolution
		HideSolutionNode = FALSE
	EndGlobalSection
	GlobalSection(ExtensibilityGlobals) = postSolution
		SolutionGuid = {1812494F-B829-4437-8FDF-06628BBD0D5D}
	EndGlobalSection
EndGlobal
